
Microsoft Visual Studio Solution File, Format Version 12.00
# Visual Studio Version 17
VisualStudioVersion = 17.14.35906.104 d17.14
MinimumVisualStudioVersion = 10.0.40219.1
Project("{FAE04EC0-301F-11D3-BF4B-00C04F79EFBC}") = "hlarm", "hlarm\hlarm.csproj", "{8206A8F1-1CAF-4F2E-897E-3EF559918E17}"
EndProject
Global
	GlobalSection(SolutionConfigurationPlatforms) = preSolution
		Debug|Any CPU = Debug|Any CPU
		Release|Any CPU = Release|Any CPU
	EndGlobalSection
	GlobalSection(ProjectConfigurationPlatforms) = postSolution
		{8206A8F1-1CAF-4F2E-897E-3EF559918E17}.Debug|Any CPU.ActiveCfg = Debug|Any CPU
		{8206A8F1-1CAF-4F2E-897E-3EF559918E17}.Debug|Any CPU.Build.0 = Debug|Any CPU
		{8206A8F1-1CAF-4F2E-897E-3EF559918E17}.Release|Any CPU.ActiveCfg = Release|Any CPU
		{8206A8F1-1CAF-4F2E-897E-3EF559918E17}.Release|Any CPU.Build.0 = Release|Any CPU
	EndGlobalSection
	GlobalSection(SolutionProperties) = preSolution
		HideSolutionNode = FALSE
	EndGlobalSection
	GlobalSection(ExtensibilityGlobals) = postSolution
		SolutionGuid = {261E5D8B-4D70-41FE-879C-517F0978DC67}
	EndGlobalSection
EndGlobal
